
Microsoft Visual Studio Solution File, Format Version 12.00
# Visual Studio Version 16
VisualStudioVersion = 16.0.29728.190
MinimumVisualStudioVersion = 10.0.40219.1
Project("{9A19103F-16F7-4668-BE54-9A1E7A4F7556}") = "Poolside", "Poolside.csproj", "{58723841-CC73-498C-ABBA-D6F6852069D8}"
EndProject
Project("{9A19103F-16F7-4668-BE54-9A1E7A4F7556}") = "DAL", "..\DAL\DAL.csproj", "{0868F19B-359A-4F83-9997-CD6ED0A04E76}"
EndProject
Project("{9A19103F-16F7-4668-BE54-9A1E7A4F7556}") = "DTO", "..\DTO\DTO.csproj", "{04BE5A23-49ED-48F5-AD0A-2C6EC2190553}"
EndProject
Project("{9A19103F-16F7-4668-BE54-9A1E7A4F7556}") = "Logic", "..\Logic\Logic.csproj", "{6F60D7FB-26F6-4D13-A00B-ED8FB2801E8B}"
EndProject
Project("{FAE04EC0-301F-11D3-BF4B-00C04F79EFBC}") = "LogicTests", "..\LogicTests\LogicTests.csproj", "{3BDA03B0-68C3-4778-879F-FC2608929FCB}"
EndProject
Global
	GlobalSection(SolutionConfigurationPlatforms) = preSolution
		Debug|Any CPU = Debug|Any CPU
		Release|Any CPU = Release|Any CPU
	EndGlobalSection
	GlobalSection(ProjectConfigurationPlatforms) = postSolution
		{58723841-CC73-498C-ABBA-D6F6852069D8}.Debug|Any CPU.ActiveCfg = Debug|Any CPU
		{58723841-CC73-498C-ABBA-D6F6852069D8}.Debug|Any CPU.Build.0 = Debug|Any CPU
		{58723841-CC73-498C-ABBA-D6F6852069D8}.Release|Any CPU.ActiveCfg = Release|Any CPU
		{58723841-CC73-498C-ABBA-D6F6852069D8}.Release|Any CPU.Build.0 = Release|Any CPU
		{0868F19B-359A-4F83-9997-CD6ED0A04E76}.Debug|Any CPU.ActiveCfg = Debug|Any CPU
		{0868F19B-359A-4F83-9997-CD6ED0A04E76}.Debug|Any CPU.Build.0 = Debug|Any CPU
		{0868F19B-359A-4F83-9997-CD6ED0A04E76}.Release|Any CPU.ActiveCfg = Release|Any CPU
		{0868F19B-359A-4F83-9997-CD6ED0A04E76}.Release|Any CPU.Build.0 = Release|Any CPU
		{04BE5A23-49ED-48F5-AD0A-2C6EC2190553}.Debug|Any CPU.ActiveCfg = Debug|Any CPU
		{04BE5A23-49ED-48F5-AD0A-2C6EC2190553}.Debug|Any CPU.Build.0 = Debug|Any CPU
		{04BE5A23-49ED-48F5-AD0A-2C6EC2190553}.Release|Any CPU.ActiveCfg = Release|Any CPU
		{04BE5A23-49ED-48F5-AD0A-2C6EC2190553}.Release|Any CPU.Build.0 = Release|Any CPU
		{6F60D7FB-26F6-4D13-A00B-ED8FB2801E8B}.Debug|Any CPU.ActiveCfg = Debug|Any CPU
		{6F60D7FB-26F6-4D13-A00B-ED8FB2801E8B}.Debug|Any CPU.Build.0 = Debug|Any CPU
		{6F60D7FB-26F6-4D13-A00B-ED8FB2801E8B}.Release|Any CPU.ActiveCfg = Release|Any CPU
		{6F60D7FB-26F6-4D13-A00B-ED8FB2801E8B}.Release|Any CPU.Build.0 = Release|Any CPU
		{3BDA03B0-68C3-4778-879F-FC2608929FCB}.Debug|Any CPU.ActiveCfg = Debug|Any CPU
		{3BDA03B0-68C3-4778-879F-FC2608929FCB}.Debug|Any CPU.Build.0 = Debug|Any CPU
		{3BDA03B0-68C3-4778-879F-FC2608929FCB}.Release|Any CPU.ActiveCfg = Release|Any CPU
		{3BDA03B0-68C3-4778-879F-FC2608929FCB}.Release|Any CPU.Build.0 = Release|Any CPU
	EndGlobalSection
	GlobalSection(SolutionProperties) = preSolution
		HideSolutionNode = FALSE
	EndGlobalSection
	GlobalSection(ExtensibilityGlobals) = postSolution
		SolutionGuid = {9F7FBAEA-A3EE-492B-B310-B63D85E15A61}
	EndGlobalSection
EndGlobal
